
Microsoft Visual Studio Solution File, Format Version 12.00
# Visual Studio Version 17
VisualStudioVersion = 17.13.35931.197 d17.13
MinimumVisualStudioVersion = 10.0.40219.1
Project("{FAE04EC0-301F-11D3-BF4B-00C04F79EFBC}") = "RuntimeVisor", "RuntimeVisor\RuntimeVisor.csproj", "{F16F66B6-9C2D-4DE2-942C-C33F2521074A}"
EndProject
Global
	GlobalSection(SolutionConfigurationPlatforms) = preSolution
		Debug|Any CPU = Debug|Any CPU
		Release|Any CPU = Release|Any CPU
	EndGlobalSection
	GlobalSection(ProjectConfigurationPlatforms) = postSolution
		{F16F66B6-9C2D-4DE2-942C-C33F2521074A}.Debug|Any CPU.ActiveCfg = Debug|Any CPU
		{F16F66B6-9C2D-4DE2-942C-C33F2521074A}.Debug|Any CPU.Build.0 = Debug|Any CPU
		{F16F66B6-9C2D-4DE2-942C-C33F2521074A}.Release|Any CPU.ActiveCfg = Release|Any CPU
		{F16F66B6-9C2D-4DE2-942C-C33F2521074A}.Release|Any CPU.Build.0 = Release|Any CPU
	EndGlobalSection
	GlobalSection(SolutionProperties) = preSolution
		HideSolutionNode = FALSE
	EndGlobalSection
	GlobalSection(ExtensibilityGlobals) = postSolution
		SolutionGuid = {E5BAB6CC-0F8D-439F-A91B-77A7D02016ED}
	EndGlobalSection
EndGlobal
